
Microsoft Visual Studio Solution File, Format Version 12.00
# Visual Studio Version 17
VisualStudioVersion = 17.4.33122.133
MinimumVisualStudioVersion = 10.0.40219.1
Project("{9A19103F-16F7-4668-BE54-9A1E7A4F7556}") = "StoriedKingdom.Dungeon", "StoriedKingdom.Dungeon\StoriedKingdom.Dungeon.csproj", "{087203C5-50F7-4EEB-B2B8-93AFB1FCC909}"
EndProject
Project("{9A19103F-16F7-4668-BE54-9A1E7A4F7556}") = "Libraries.Shared", "..\..\Libraries\Libraries.Shared\Libraries.Shared.csproj", "{072BDAA5-B82D-492F-AB2A-A36877F3034F}"
EndProject
Global
	GlobalSection(SolutionConfigurationPlatforms) = preSolution
		Debug|Any CPU = Debug|Any CPU
		Release|Any CPU = Release|Any CPU
	EndGlobalSection
	GlobalSection(ProjectConfigurationPlatforms) = postSolution
		{087203C5-50F7-4EEB-B2B8-93AFB1FCC909}.Debug|Any CPU.ActiveCfg = Debug|Any CPU
		{087203C5-50F7-4EEB-B2B8-93AFB1FCC909}.Debug|Any CPU.Build.0 = Debug|Any CPU
		{087203C5-50F7-4EEB-B2B8-93AFB1FCC909}.Release|Any CPU.ActiveCfg = Release|Any CPU
		{087203C5-50F7-4EEB-B2B8-93AFB1FCC909}.Release|Any CPU.Build.0 = Release|Any CPU
		{072BDAA5-B82D-492F-AB2A-A36877F3034F}.Debug|Any CPU.ActiveCfg = Debug|Any CPU
		{072BDAA5-B82D-492F-AB2A-A36877F3034F}.Debug|Any CPU.Build.0 = Debug|Any CPU
		{072BDAA5-B82D-492F-AB2A-A36877F3034F}.Release|Any CPU.ActiveCfg = Release|Any CPU
		{072BDAA5-B82D-492F-AB2A-A36877F3034F}.Release|Any CPU.Build.0 = Release|Any CPU
	EndGlobalSection
	GlobalSection(SolutionProperties) = preSolution
		HideSolutionNode = FALSE
	EndGlobalSection
	GlobalSection(ExtensibilityGlobals) = postSolution
		SolutionGuid = {108E9EC2-FCE8-4B3D-8B62-ABC7B11B6FA5}
	EndGlobalSection
EndGlobal
